// !$*UTF8*$!
{
	archiveVersion = 1;
	classes = {
	};
	objectVersion = 55;
	objects = {

/* Begin PBXBuildFile section */
		6B6F564627F732AF001994A2 /* MyWeeklyPlanApp.swift in Sources */ = {isa = PBXBuildFile; fileRef = 6B6F564527F732AF001994A2 /* MyWeeklyPlanApp.swift */; };
		6B6F564827F732AF001994A2 /* ContentView.swift in Sources */ = {isa = PBXBuildFile; fileRef = 6B6F564727F732AF001994A2 /* ContentView.swift */; };
		6B6F564A27F732B1001994A2 /* Assets.xcassets in Resources */ = {isa = PBXBuildFile; fileRef = 6B6F564927F732B1001994A2 /* Assets.xcassets */; };
		6B6F564D27F732B1001994A2 /* Preview Assets.xcassets in Resources */ = {isa = PBXBuildFile; fileRef = 6B6F564C27F732B1001994A2 /* Preview Assets.xcassets */; };
		6B6F565727F732B1001994A2 /* MyWeeklyPlanTests.swift in Sources */ = {isa = PBXBuildFile; fileRef = 6B6F565627F732B1001994A2 /* MyWeeklyPlanTests.swift */; };
		6B6F566127F732B1001994A2 /* MyWeeklyPlanUITests.swift in Sources */ = {isa = PBXBuildFile; fileRef = 6B6F566027F732B1001994A2 /* MyWeeklyPlanUITests.swift */; };
		6B6F566327F732B1001994A2 /* MyWeeklyPlanUITestsLaunchTests.swift in Sources */ = {isa = PBXBuildFile; fileRef = 6B6F566227F732B1001994A2 /* MyWeeklyPlanUITestsLaunchTests.swift */; };
/* End PBXBuildFile section */

/* Begin PBXContainerItemProxy section */
		6B6F565327F732B1001994A2 /* PBXContainerItemProxy */ = {
			isa = PBXContainerItemProxy;
			containerPortal = 6B6F563A27F732AF001994A2 /* Project object */;
			proxyType = 1;
			remoteGlobalIDString = 6B6F564127F732AF001994A2;
			remoteInfo = MyWeeklyPlan;
		};
		6B6F565D27F732B1001994A2 /* PBXContainerItemProxy */ = {
			isa = PBXContainerItemProxy;
			containerPortal = 6B6F563A27F732AF001994A2 /* Project object */;
			proxyType = 1;
			remoteGlobalIDString = 6B6F564127F732AF001994A2;
			remoteInfo = MyWeeklyPlan;
		};
/* End PBXContainerItemProxy section */

/* Begin PBXFileReference section */
		6B6F564227F732AF001994A2 /* MyWeeklyPlan.app */ = {isa = PBXFileReference; explicitFileType = wrapper.application; includeInIndex = 0; path = MyWeeklyPlan.app; sourceTree = BUILT_PRODUCTS_DIR; };
		6B6F564527F732AF001994A2 /* MyWeeklyPlanApp.swift */ = {isa = PBXFileReference; lastKnownFileType = sourcecode.swift; path = MyWeeklyPlanApp.swift; sourceTree = "<group>"; };
		6B6F564727F732AF001994A2 /* ContentView.swift */ = {isa = PBXFileReference; lastKnownFileType = sourcecode.swift; path = ContentView.swift; sourceTree = "<group>"; };
		6B6F564927F732B1001994A2 /* Assets.xcassets */ = {isa = PBXFileReference; lastKnownFileType = folder.assetcatalog; path = Assets.xcassets; sourceTree = "<group>"; };
		6B6F564C27F732B1001994A2 /* Preview Assets.xcassets */ = {isa = PBXFileReference; lastKnownFileType = folder.assetcatalog; path = "Preview Assets.xcassets"; sourceTree = "<group>"; };
		6B6F565227F732B1001994A2 /* MyWeeklyPlanTests.xctest */ = {isa = PBXFileReference; explicitFileType = wrapper.cfbundle; includeInIndex = 0; path = MyWeeklyPlanTests.xctest; sourceTree = BUILT_PRODUCTS_DIR; };
		6B6F565627F732B1001994A2 /* MyWeeklyPlanTests.swift */ = {isa = PBXFileReference; lastKnownFileType = sourcecode.swift; path = MyWeeklyPlanTests.swift; sourceTree = "<group>"; };
		6B6F565C27F732B1001994A2 /* MyWeeklyPlanUITests.xctest */ = {isa = PBXFileReference; explicitFileType = wrapper.cfbundle; includeInIndex = 0; path = MyWeeklyPlanUITests.xctest; sourceTree = BUILT_PRODUCTS_DIR; };
		6B6F566027F732B1001994A2 /* MyWeeklyPlanUITests.swift */ = {isa = PBXFileReference; lastKnownFileType = sourcecode.swift; path = MyWeeklyPlanUITests.swift; sourceTree = "<group>"; };
		6B6F566227F732B1001994A2 /* MyWeeklyPlanUITestsLaunchTests.swift */ = {isa = PBXFileReference; lastKnownFileType = sourcecode.swift; path = MyWeeklyPlanUITestsLaunchTests.swift; sourceTree = "<group>"; };
/* End PBXFileReference section */

/* Begin PBXFrameworksBuildPhase section */
		6B6F563F27F732AF001994A2 /* Frameworks */ = {
			isa = PBXFrameworksBuildPhase;
			buildActionMask = 2147483647;
			files = (
			);
			runOnlyForDeploymentPostprocessing = 0;
		};
		6B6F564F27F732B1001994A2 /* Frameworks */ = {
			isa = PBXFrameworksBuildPhase;
			buildActionMask = 2147483647;
			files = (
			);
			runOnlyForDeploymentPostprocessing = 0;
		};
		6B6F565927F732B1001994A2 /* Frameworks */ = {
			isa = PBXFrameworksBuildPhase;
			buildActionMask = 2147483647;
			files = (
			);
			runOnlyForDeploymentPostprocessing = 0;
		};
/* End PBXFrameworksBuildPhase section */

/* Begin PBXGroup section */
		6B6F563927F732AF001994A2 = {
			isa = PBXGroup;
			children = (
				6B6F564427F732AF001994A2 /* MyWeeklyPlan */,
				6B6F565527F732B1001994A2 /* MyWeeklyPlanTests */,
				6B6F565F27F732B1001994A2 /* MyWeeklyPlanUITests */,
				6B6F564327F732AF001994A2 /* Products */,
			);
			sourceTree = "<group>";
		};
		6B6F564327F732AF001994A2 /* Products */ = {
			isa = PBXGroup;
			children = (
				6B6F564227F732AF001994A2 /* MyWeeklyPlan.app */,
				6B6F565227F732B1001994A2 /* MyWeeklyPlanTests.xctest */,
				6B6F565C27F732B1001994A2 /* MyWeeklyPlanUITests.xctest */,
			);
			name = Products;
			sourceTree = "<group>";
		};
		6B6F564427F732AF001994A2 /* MyWeeklyPlan */ = {
			isa = PBXGroup;
			children = (
				6B6F564527F732AF001994A2 /* MyWeeklyPlanApp.swift */,
				6B6F564727F732AF001994A2 /* ContentView.swift */,
				6B6F564927F732B1001994A2 /* Assets.xcassets */,
				6B6F564B27F732B1001994A2 /* Preview Content */,
			);
			path = MyWeeklyPlan;
			sourceTree = "<group>";
		};
		6B6F564B27F732B1001994A2 /* Preview Content */ = {
			isa = PBXGroup;
			children = (
				6B6F564C27F732B1001994A2 /* Preview Assets.xcassets */,
			);
			path = "Preview Content";
			sourceTree = "<group>";
		};
		6B6F565527F732B1001994A2 /* MyWeeklyPlanTests */ = {
			isa = PBXGroup;
			children = (
				6B6F565627F732B1001994A2 /* MyWeeklyPlanTests.swift */,
			);
			path = MyWeeklyPlanTests;
			sourceTree = "<group>";
		};
		6B6F565F27F732B1001994A2 /* MyWeeklyPlanUITests */ = {
			isa = PBXGroup;
			children = (
				6B6F566027F732B1001994A2 /* MyWeeklyPlanUITests.swift */,
				6B6F566227F732B1001994A2 /* MyWeeklyPlanUITestsLaunchTests.swift */,
			);
			path = MyWeeklyPlanUITests;
			sourceTree = "<group>";
		};
/* End PBXGroup section */

/* Begin PBXNativeTarget section */
		6B6F564127F732AF001994A2 /* MyWeeklyPlan */ = {
			isa = PBXNativeTarget;
			buildConfigurationList = 6B6F566627F732B1001994A2 /* Build configuration list for PBXNativeTarget "MyWeeklyPlan" */;
			buildPhases = (
				6B6F563E27F732AF001994A2 /* Sources */,
				6B6F563F27F732AF001994A2 /* Frameworks */,
				6B6F564027F732AF001994A2 /* Resources */,
			);
			buildRules = (
			);
			dependencies = (
			);
			name = MyWeeklyPlan;
			productName = MyWeeklyPlan;
			productReference = 6B6F564227F732AF001994A2 /* MyWeeklyPlan.app */;
			productType = "com.apple.product-type.application";
		};
		6B6F565127F732B1001994A2 /* MyWeeklyPlanTests */ = {
			isa = PBXNativeTarget;
			buildConfigurationList = 6B6F566927F732B1001994A2 /* Build configuration list for PBXNativeTarget "MyWeeklyPlanTests" */;
			buildPhases = (
				6B6F564E27F732B1001994A2 /* Sources */,
				6B6F564F27F732B1001994A2 /* Frameworks */,
				6B6F565027F732B1001994A2 /* Resources */,
			);
			buildRules = (
			);
			dependencies = (
				6B6F565427F732B1001994A2 /* PBXTargetDependency */,
			);
			name = MyWeeklyPlanTests;
			productName = MyWeeklyPlanTests;
			productReference = 6B6F565227F732B1001994A2 /* MyWeeklyPlanTests.xctest */;
			productType = "com.apple.product-type.bundle.unit-test";
		};
		6B6F565B27F732B1001994A2 /* MyWeeklyPlanUITests */ = {
			isa = PBXNativeTarget;
			buildConfigurationList = 6B6F566C27F732B1001994A2 /* Build configuration list for PBXNativeTarget "MyWeeklyPlanUITests" */;
			buildPhases = (
				6B6F565827F732B1001994A2 /* Sources */,
				6B6F565927F732B1001994A2 /* Frameworks */,
				6B6F565A27F732B1001994A2 /* Resources */,
			);
			buildRules = (
			);
			dependencies = (
				6B6F565E27F732B1001994A2 /* PBXTargetDependency */,
			);
			name = MyWeeklyPlanUITests;
			productName = MyWeeklyPlanUITests;
			productReference = 6B6F565C27F732B1001994A2 /* MyWeeklyPlanUITests.xctest */;
			productType = "com.apple.product-type.bundle.ui-testing";
		};
/* End PBXNativeTarget section */

/* Begin PBXProject section */
		6B6F563A27F732AF001994A2 /* Project object */ = {
			isa = PBXProject;
			attributes = {
				BuildIndependentTargetsInParallel = 1;
				LastSwiftUpdateCheck = 1330;
				LastUpgradeCheck = 1330;
				TargetAttributes = {
					6B6F564127F732AF001994A2 = {
						CreatedOnToolsVersion = 13.3;
					};
					6B6F565127F732B1001994A2 = {
						CreatedOnToolsVersion = 13.3;
						TestTargetID = 6B6F564127F732AF001994A2;
					};
					6B6F565B27F732B1001994A2 = {
						CreatedOnToolsVersion = 13.3;
						TestTargetID = 6B6F564127F732AF001994A2;
					};
				};
			};
			buildConfigurationList = 6B6F563D27F732AF001994A2 /* Build configuration list for PBXProject "MyWeeklyPlan" */;
			compatibilityVersion = "Xcode 13.0";
			developmentRegion = en;
			hasScannedForEncodings = 0;
			knownRegions = (
				en,
				Base,
			);
			mainGroup = 6B6F563927F732AF001994A2;
			productRefGroup = 6B6F564327F732AF001994A2 /* Products */;
			projectDirPath = "";
			projectRoot = "";
			targets = (
				6B6F564127F732AF001994A2 /* MyWeeklyPlan */,
				6B6F565127F732B1001994A2 /* MyWeeklyPlanTests */,
				6B6F565B27F732B1001994A2 /* MyWeeklyPlanUITests */,
			);
		};
/* End PBXProject section */

/* Begin PBXResourcesBuildPhase section */
		6B6F564027F732AF001994A2 /* Resources */ = {
			isa = PBXResourcesBuildPhase;
			buildActionMask = 2147483647;
			files = (
				6B6F564D27F732B1001994A2 /* Preview Assets.xcassets in Resources */,
				6B6F564A27F732B1001994A2 /* Assets.xcassets in Resources */,
			);
			runOnlyForDeploymentPostprocessing = 0;
		};
		6B6F565027F732B1001994A2 /* Resources */ = {
			isa = PBXResourcesBuildPhase;
			buildActionMask = 2147483647;
			files = (
			);
			runOnlyForDeploymentPostprocessing = 0;
		};
		6B6F565A27F732B1001994A2 /* Resources */ = {
			isa = PBXResourcesBuildPhase;
			buildActionMask = 2147483647;
			files = (
			);
			runOnlyForDeploymentPostprocessing = 0;
		};
/* End PBXResourcesBuildPhase section */

/* Begin PBXSourcesBuildPhase section */
		6B6F563E27F732AF001994A2 /* Sources */ = {
			isa = PBXSourcesBuildPhase;
			buildActionMask = 2147483647;
			files = (
				6B6F564827F732AF001994A2 /* ContentView.swift in Sources */,
				6B6F564627F732AF001994A2 /* MyWeeklyPlanApp.swift in Sources */,
			);
			runOnlyForDeploymentPostprocessing = 0;
		};
		6B6F564E27F732B1001994A2 /* Sources */ = {
			isa = PBXSourcesBuildPhase;
			buildActionMask = 2147483647;
			files = (
				6B6F565727F732B1001994A2 /* MyWeeklyPlanTests.swift in Sources */,
			);
			runOnlyForDeploymentPostprocessing = 0;
		};
		6B6F565827F732B1001994A2 /* Sources */ = {
			isa = PBXSourcesBuildPhase;
			buildActionMask = 2147483647;
			files = (
				6B6F566327F732B1001994A2 /* MyWeeklyPlanUITestsLaunchTests.swift in Sources */,
				6B6F566127F732B1001994A2 /* MyWeeklyPlanUITests.swift in Sources */,
			);
			runOnlyForDeploymentPostprocessing = 0;
		};
/* End PBXSourcesBuildPhase section */

/* Begin PBXTargetDependency section */
		6B6F565427F732B1001994A2 /* PBXTargetDependency */ = {
			isa = PBXTargetDependency;
			target = 6B6F564127F732AF001994A2 /* MyWeeklyPlan */;
			targetProxy = 6B6F565327F732B1001994A2 /* PBXContainerItemProxy */;
		};
		6B6F565E27F732B1001994A2 /* PBXTargetDependency */ = {
			isa = PBXTargetDependency;
			target = 6B6F564127F732AF001994A2 /* MyWeeklyPlan */;
			targetProxy = 6B6F565D27F732B1001994A2 /* PBXContainerItemProxy */;
		};
/* End PBXTargetDependency section */

/* Begin XCBuildConfiguration section */
		6B6F566427F732B1001994A2 /* Debug */ = {
			isa = XCBuildConfiguration;
			buildSettings = {
				ALWAYS_SEARCH_USER_PATHS = NO;
				CLANG_ANALYZER_NONNULL = YES;
				CLANG_ANALYZER_NUMBER_OBJECT_CONVERSION = YES_AGGRESSIVE;
				CLANG_CXX_LANGUAGE_STANDARD = "gnu++17";
				CLANG_ENABLE_MODULES = YES;
				CLANG_ENABLE_OBJC_ARC = YES;
				CLANG_ENABLE_OBJC_WEAK = YES;
				CLANG_WARN_BLOCK_CAPTURE_AUTORELEASING = YES;
				CLANG_WARN_BOOL_CONVERSION = YES;
				CLANG_WARN_COMMA = YES;
				CLANG_WARN_CONSTANT_CONVERSION = YES;
				CLANG_WARN_DEPRECATED_OBJC_IMPLEMENTATIONS = YES;
				CLANG_WARN_DIRECT_OBJC_ISA_USAGE = YES_ERROR;
				CLANG_WARN_DOCUMENTATION_COMMENTS = YES;
				CLANG_WARN_EMPTY_BODY = YES;
				CLANG_WARN_ENUM_CONVERSION = YES;
				CLANG_WARN_INFINITE_RECURSION = YES;
				CLANG_WARN_INT_CONVERSION = YES;
				CLANG_WARN_NON_LITERAL_NULL_CONVERSION = YES;
				CLANG_WARN_OBJC_IMPLICIT_RETAIN_SELF = YES;
				CLANG_WARN_OBJC_LITERAL_CONVERSION = YES;
				CLANG_WARN_OBJC_ROOT_CLASS = YES_ERROR;
				CLANG_WARN_QUOTED_INCLUDE_IN_FRAMEWORK_HEADER = YES;
				CLANG_WARN_RANGE_LOOP_ANALYSIS = YES;
				CLANG_WARN_STRICT_PROTOTYPES = YES;
				CLANG_WARN_SUSPICIOUS_MOVE = YES;
				CLANG_WARN_UNGUARDED_AVAILABILITY = YES_AGGRESSIVE;
				CLANG_WARN_UNREACHABLE_CODE = YES;
				CLANG_WARN__DUPLICATE_METHOD_MATCH = YES;
				COPY_PHASE_STRIP = NO;
				DEBUG_INFORMATION_FORMAT = dwarf;
				ENABLE_STRICT_OBJC_MSGSEND = YES;
				ENABLE_TESTABILITY = YES;
				GCC_C_LANGUAGE_STANDARD = gnu11;
				GCC_DYNAMIC_NO_PIC = NO;
				GCC_NO_COMMON_BLOCKS = YES;
				GCC_OPTIMIZATION_LEVEL = 0;
				GCC_PREPROCESSOR_DEFINITIONS = (
					"DEBUG=1",
					"$(inherited)",
				);
				GCC_WARN_64_TO_32_BIT_CONVERSION = YES;
				GCC_WARN_ABOUT_RETURN_TYPE = YES_ERROR;
				GCC_WARN_UNDECLARED_SELECTOR = YES;
				GCC_WARN_UNINITIALIZED_AUTOS = YES_AGGRESSIVE;
				GCC_WARN_UNUSED_FUNCTION = YES;
				GCC_WARN_UNUSED_VARIABLE = YES;
				IPHONEOS_DEPLOYMENT_TARGET = 15.4;
				MTL_ENABLE_DEBUG_INFO = INCLUDE_SOURCE;
				MTL_FAST_MATH = YES;
				ONLY_ACTIVE_ARCH = YES;
				SDKROOT = iphoneos;
				SWIFT_ACTIVE_COMPILATION_CONDITIONS = DEBUG;
				SWIFT_OPTIMIZATION_LEVEL = "-Onone";
			};
			name = Debug;
		};
		6B6F566527F732B1001994A2 /* Release */ = {
			isa = XCBuildConfiguration;
			buildSettings = {
				ALWAYS_SEARCH_USER_PATHS = NO;
				CLANG_ANALYZER_NONNULL = YES;
				CLANG_ANALYZER_NUMBER_OBJECT_CONVERSION = YES_AGGRESSIVE;
				CLANG_CXX_LANGUAGE_STANDARD = "gnu++17";
				CLANG_ENABLE_MODULES = YES;
				CLANG_ENABLE_OBJC_ARC = YES;
				CLANG_ENABLE_OBJC_WEAK = YES;
				CLANG_WARN_BLOCK_CAPTURE_AUTORELEASING = YES;
				CLANG_WARN_BOOL_CONVERSION = YES;
				CLANG_WARN_COMMA = YES;
				CLANG_WARN_CONSTANT_CONVERSION = YES;
				CLANG_WARN_DEPRECATED_OBJC_IMPLEMENTATIONS = YES;
				CLANG_WARN_DIRECT_OBJC_ISA_USAGE = YES_ERROR;
				CLANG_WARN_DOCUMENTATION_COMMENTS = YES;
				CLANG_WARN_EMPTY_BODY = YES;
				CLANG_WARN_ENUM_CONVERSION = YES;
				CLANG_WARN_INFINITE_RECURSION = YES;
				CLANG_WARN_INT_CONVERSION = YES;
				CLANG_WARN_NON_LITERAL_NULL_CONVERSION = YES;
				CLANG_WARN_OBJC_IMPLICIT_RETAIN_SELF = YES;
				CLANG_WARN_OBJC_LITERAL_CONVERSION = YES;
				CLANG_WARN_OBJC_ROOT_CLASS = YES_ERROR;
				CLANG_WARN_QUOTED_INCLUDE_IN_FRAMEWORK_HEADER = YES;
				CLANG_WARN_RANGE_LOOP_ANALYSIS = YES;
				CLANG_WARN_STRICT_PROTOTYPES = YES;
				CLANG_WARN_SUSPICIOUS_MOVE = YES;
				CLANG_WARN_UNGUARDED_AVAILABILITY = YES_AGGRESSIVE;
				CLANG_WARN_UNREACHABLE_CODE = YES;
				CLANG_WARN__DUPLICATE_METHOD_MATCH = YES;
				COPY_PHASE_STRIP = NO;
				DEBUG_INFORMATION_FORMAT = "dwarf-with-dsym";
				ENABLE_NS_ASSERTIONS = NO;
				ENABLE_STRICT_OBJC_MSGSEND = YES;
				GCC_C_LANGUAGE_STANDARD = gnu11;
				GCC_NO_COMMON_BLOCKS = YES;
				GCC_WARN_64_TO_32_BIT_CONVERSION = YES;
				GCC_WARN_ABOUT_RETURN_TYPE = YES_ERROR;
				GCC_WARN_UNDECLARED_SELECTOR = YES;
				GCC_WARN_UNINITIALIZED_AUTOS = YES_AGGRESSIVE;
				GCC_WARN_UNUSED_FUNCTION = YES;
				GCC_WARN_UNUSED_VARIABLE = YES;
				IPHONEOS_DEPLOYMENT_TARGET = 15.4;
				MTL_ENABLE_DEBUG_INFO = NO;
				MTL_FAST_MATH = YES;
				SDKROOT = iphoneos;
				SWIFT_COMPILATION_MODE = wholemodule;
				SWIFT_OPTIMIZATION_LEVEL = "-O";
				VALIDATE_PRODUCT = YES;
			};
			name = Release;
		};
		6B6F566727F732B1001994A2 /* Debug */ = {
			isa = XCBuildConfiguration;
			buildSettings = {
				ASSETCATALOG_COMPILER_APPICON_NAME = AppIcon;
				ASSETCATALOG_COMPILER_GLOBAL_ACCENT_COLOR_NAME = AccentColor;
				CODE_SIGN_STYLE = Automatic;
				CURRENT_PROJECT_VERSION = 1;
				DEVELOPMENT_ASSET_PATHS = "\"MyWeeklyPlan/Preview Content\"";
				DEVELOPMENT_TEAM = ZCPG2Z69ZT;
				ENABLE_PREVIEWS = YES;
				GENERATE_INFOPLIST_FILE = YES;
				INFOPLIST_KEY_UIApplicationSceneManifest_Generation = YES;
				INFOPLIST_KEY_UIApplicationSupportsIndirectInputEvents = YES;
				INFOPLIST_KEY_UILaunchScreen_Generation = YES;
				INFOPLIST_KEY_UISupportedInterfaceOrientations_iPad = "UIInterfaceOrientationPortrait UIInterfaceOrientationPortraitUpsideDown UIInterfaceOrientationLandscapeLeft UIInterfaceOrientationLandscapeRight";
				INFOPLIST_KEY_UISupportedInterfaceOrientations_iPhone = "UIInterfaceOrientationPortrait UIInterfaceOrientationLandscapeLeft UIInterfaceOrientationLandscapeRight";
				LD_RUNPATH_SEARCH_PATHS = (
					"$(inherited)",
					"@executable_path/Frameworks",
				);
				MARKETING_VERSION = 1.0;
				PRODUCT_BUNDLE_IDENTIFIER = com.anzer.MyWeeklyPlan;
				PRODUCT_NAME = "$(TARGET_NAME)";
				SWIFT_EMIT_LOC_STRINGS = YES;
				SWIFT_VERSION = 5.0;
				TARGETED_DEVICE_FAMILY = "1,2";
			};
			name = Debug;
		};
		6B6F566827F732B1001994A2 /* Release */ = {
			isa = XCBuildConfiguration;
			buildSettings = {
				ASSETCATALOG_COMPILER_APPICON_NAME = AppIcon;
				ASSETCATALOG_COMPILER_GLOBAL_ACCENT_COLOR_NAME = AccentColor;
				CODE_SIGN_STYLE = Automatic;
				CURRENT_PROJECT_VERSION = 1;
				DEVELOPMENT_ASSET_PATHS = "\"MyWeeklyPlan/Preview Content\"";
				DEVELOPMENT_TEAM = ZCPG2Z69ZT;
				ENABLE_PREVIEWS = YES;
				GENERATE_INFOPLIST_FILE = YES;
				INFOPLIST_KEY_UIApplicationSceneManifest_Generation = YES;
				INFOPLIST_KEY_UIApplicationSupportsIndirectInputEvents = YES;
				INFOPLIST_KEY_UILaunchScreen_Generation = YES;
				INFOPLIST_KEY_UISupportedInterfaceOrientations_iPad = "UIInterfaceOrientationPortrait UIInterfaceOrientationPortraitUpsideDown UIInterfaceOrientationLandscapeLeft UIInterfaceOrientationLandscapeRight";
				INFOPLIST_KEY_UISupportedInterfaceOrientations_iPhone = "UIInterfaceOrientationPortrait UIInterfaceOrientationLandscapeLeft UIInterfaceOrientationLandscapeRight";
				LD_RUNPATH_SEARCH_PATHS = (
					"$(inherited)",
					"@executable_path/Frameworks",
				);
				MARKETING_VERSION = 1.0;
				PRODUCT_BUNDLE_IDENTIFIER = com.anzer.MyWeeklyPlan;
				PRODUCT_NAME = "$(TARGET_NAME)";
				SWIFT_EMIT_LOC_STRINGS = YES;
				SWIFT_VERSION = 5.0;
				TARGETED_DEVICE_FAMILY = "1,2";
			};
			name = Release;
		};
		6B6F566A27F732B1001994A2 /* Debug */ = {
			isa = XCBuildConfiguration;
			buildSettings = {
				ALWAYS_EMBED_SWIFT_STANDARD_LIBRARIES = YES;
				BUNDLE_LOADER = "$(TEST_HOST)";
				CODE_SIGN_STYLE = Automatic;
				CURRENT_PROJECT_VERSION = 1;
				DEVELOPMENT_TEAM = ZCPG2Z69ZT;
				GENERATE_INFOPLIST_FILE = YES;
				IPHONEOS_DEPLOYMENT_TARGET = 15.4;
				MARKETING_VERSION = 1.0;
				PRODUCT_BUNDLE_IDENTIFIER = com.anzer.MyWeeklyPlanTests;
				PRODUCT_NAME = "$(TARGET_NAME)";
				SWIFT_EMIT_LOC_STRINGS = NO;
				SWIFT_VERSION = 5.0;
				TARGETED_DEVICE_FAMILY = "1,2";
				TEST_HOST = "$(BUILT_PRODUCTS_DIR)/MyWeeklyPlan.app/MyWeeklyPlan";
			};
			name = Debug;
		};
		6B6F566B27F732B1001994A2 /* Release */ = {
			isa = XCBuildConfiguration;
			buildSettings = {
				ALWAYS_EMBED_SWIFT_STANDARD_LIBRARIES = YES;
				BUNDLE_LOADER = "$(TEST_HOST)";
				CODE_SIGN_STYLE = Automatic;
				CURRENT_PROJECT_VERSION = 1;
				DEVELOPMENT_TEAM = ZCPG2Z69ZT;
				GENERATE_INFOPLIST_FILE = YES;
				IPHONEOS_DEPLOYMENT_TARGET = 15.4;
				MARKETING_VERSION = 1.0;
				PRODUCT_BUNDLE_IDENTIFIER = com.anzer.MyWeeklyPlanTests;
				PRODUCT_NAME = "$(TARGET_NAME)";
				SWIFT_EMIT_LOC_STRINGS = NO;
				SWIFT_VERSION = 5.0;
				TARGETED_DEVICE_FAMILY = "1,2";
				TEST_HOST = "$(BUILT_PRODUCTS_DIR)/MyWeeklyPlan.app/MyWeeklyPlan";
			};
			name = Release;
		};
		6B6F566D27F732B1001994A2 /* Debug */ = {
			isa = XCBuildConfiguration;
			buildSettings = {
				ALWAYS_EMBED_SWIFT_STANDARD_LIBRARIES = YES;
				CODE_SIGN_STYLE = Automatic;
				CURRENT_PROJECT_VERSION = 1;
				DEVELOPMENT_TEAM = ZCPG2Z69ZT;
				GENERATE_INFOPLIST_FILE = YES;
				MARKETING_VERSION = 1.0;
				PRODUCT_BUNDLE_IDENTIFIER = com.anzer.MyWeeklyPlanUITests;
				PRODUCT_NAME = "$(TARGET_NAME)";
				SWIFT_EMIT_LOC_STRINGS = NO;
				SWIFT_VERSION = 5.0;
				TARGETED_DEVICE_FAMILY = "1,2";
				TEST_TARGET_NAME = MyWeeklyPlan;
			};
			name = Debug;
		};
		6B6F566E27F732B1001994A2 /* Release */ = {
			isa = XCBuildConfiguration;
			buildSettings = {
				ALWAYS_EMBED_SWIFT_STANDARD_LIBRARIES = YES;
				CODE_SIGN_STYLE = Automatic;
				CURRENT_PROJECT_VERSION = 1;
				DEVELOPMENT_TEAM = ZCPG2Z69ZT;
				GENERATE_INFOPLIST_FILE = YES;
				MARKETING_VERSION = 1.0;
				PRODUCT_BUNDLE_IDENTIFIER = com.anzer.MyWeeklyPlanUITests;
				PRODUCT_NAME = "$(TARGET_NAME)";
				SWIFT_EMIT_LOC_STRINGS = NO;
				SWIFT_VERSION = 5.0;
				TARGETED_DEVICE_FAMILY = "1,2";
				TEST_TARGET_NAME = MyWeeklyPlan;
			};
			name = Release;
		};
/* End XCBuildConfiguration section */

/* Begin XCConfigurationList section */
		6B6F563D27F732AF001994A2 /* Build configuration list for PBXProject "MyWeeklyPlan" */ = {
			isa = XCConfigurationList;
			buildConfigurations = (
				6B6F566427F732B1001994A2 /* Debug */,
				6B6F566527F732B1001994A2 /* Release */,
			);
			defaultConfigurationIsVisible = 0;
			defaultConfigurationName = Release;
		};
		6B6F566627F732B1001994A2 /* Build configuration list for PBXNativeTarget "MyWeeklyPlan" */ = {
			isa = XCConfigurationList;
			buildConfigurations = (
				6B6F566727F732B1001994A2 /* Debug */,
				6B6F566827F732B1001994A2 /* Release */,
			);
			defaultConfigurationIsVisible = 0;
			defaultConfigurationName = Release;
		};
		6B6F566927F732B1001994A2 /* Build configuration list for PBXNativeTarget "MyWeeklyPlanTests" */ = {
			isa = XCConfigurationList;
			buildConfigurations = (
				6B6F566A27F732B1001994A2 /* Debug */,
				6B6F566B27F732B1001994A2 /* Release */,
			);
			defaultConfigurationIsVisible = 0;
			defaultConfigurationName = Release;
		};
		6B6F566C27F732B1001994A2 /* Build configuration list for PBXNativeTarget "MyWeeklyPlanUITests" */ = {
			isa = XCConfigurationList;
			buildConfigurations = (
				6B6F566D27F732B1001994A2 /* Debug */,
				6B6F566E27F732B1001994A2 /* Release */,
			);
			defaultConfigurationIsVisible = 0;
			defaultConfigurationName = Release;
		};
/* End XCConfigurationList section */
	};
	rootObject = 6B6F563A27F732AF001994A2 /* Project object */;
}
